{
  "name": "gitzoom-cli",
  "version": "0.0.1",
  "lockfileVersion": 3,
  "requires": true,
  "packages": {
    "": {
      "name": "gitzoom-cli",
      "version": "0.0.1",
      "license": "MIT",
      "bin": {
        "gitzoom": "index.js"
      },
      "engines": {
        "node": ">=12"
      }
    }
  }
}
